# THIS IS AN AUTOGENERATED FILE. DO NOT EDIT THIS FILE DIRECTLY.
# yarn lockfile v1


"@cronvel/get-pixels@^3.4.0":
  version "3.4.0"
  resolved "https://registry.yarnpkg.com/@cronvel/get-pixels/-/get-pixels-3.4.0.tgz#697cd691c16bbb8b29ed596da73fd6a7e9a2f34d"
  integrity sha512-do5jDoX9oCR/dGHE4POVQ3PYDCmQ2Fow4CA72UL4WoE8zUImA/0lChczjfl+ucNjE4sXFWUnzoO6j4WzrUvLnw==
  dependencies:
    jpeg-js "^0.4.1"
    ndarray "^1.0.19"
    ndarray-pack "^1.1.1"
    node-bitmap "0.0.1"
    omggif "^1.0.10"
    pngjs "^5.0.0"

"@types/node@^16.10.3":
  version "16.10.3"
  resolved "https://registry.yarnpkg.com/@types/node/-/node-16.10.3.tgz#7a8f2838603ea314d1d22bb3171d899e15c57bd5"
  integrity sha512-ho3Ruq+fFnBrZhUYI46n/bV2GjwzSkwuT4dTf0GkuNFmnb8nq4ny2z9JEVemFi6bdEJanHLlYfy9c6FN9B9McQ==

chroma-js@^2.1.0, chroma-js@^2.1.2:
  version "2.1.2"
  resolved "https://registry.yarnpkg.com/chroma-js/-/chroma-js-2.1.2.tgz#1075cb9ae25bcb2017c109394168b5cf3aa500ec"
  integrity sha512-ri/ouYDWuxfus3UcaMxC1Tfp3IE9K5iQzxc2hSxbBRVNQFut1UuGAsZmiAf2mOUubzGJwgMSv9lHg+XqLaz1QQ==
  dependencies:
    cross-env "^6.0.3"

cross-env@^6.0.3:
  version "6.0.3"
  resolved "https://registry.yarnpkg.com/cross-env/-/cross-env-6.0.3.tgz#4256b71e49b3a40637a0ce70768a6ef5c72ae941"
  integrity sha512-+KqxF6LCvfhWvADcDPqo64yVIB31gv/jQulX2NGzKS/g3GEVz6/pt4wjHFtFWsHMddebWD/sDthJemzM4MaAag==
  dependencies:
    cross-spawn "^7.0.0"

cross-spawn@^7.0.0:
  version "7.0.3"
  resolved "https://registry.yarnpkg.com/cross-spawn/-/cross-spawn-7.0.3.tgz#f73a85b9d5d41d045551c177e2882d4ac85728a6"
  integrity sha512-iRDPJKUPVEND7dHPO8rkbOnPpyDygcDFtWjpeWNCgy8WP2rXcxXL8TskReQl6OrB2G7+UJrags1q15Fudc7G6w==
  dependencies:
    path-key "^3.1.0"
    shebang-command "^2.0.0"
    which "^2.0.1"

cwise-compiler@^1.1.2:
  version "1.1.3"
  resolved "https://registry.yarnpkg.com/cwise-compiler/-/cwise-compiler-1.1.3.tgz#f4d667410e850d3a313a7d2db7b1e505bb034cc5"
  integrity sha1-9NZnQQ6FDToxOn0tt7HlBbsDTMU=
  dependencies:
    uniq "^1.0.0"

iota-array@^1.0.0:
  version "1.0.0"
  resolved "https://registry.yarnpkg.com/iota-array/-/iota-array-1.0.0.tgz#81ef57fe5d05814cd58c2483632a99c30a0e8087"
  integrity sha1-ge9X/l0FgUzVjCSDYyqZwwoOgIc=

is-buffer@^1.0.2:
  version "1.1.6"
  resolved "https://registry.yarnpkg.com/is-buffer/-/is-buffer-1.1.6.tgz#efaa2ea9daa0d7ab2ea13a97b2b8ad51fefbe8be"
  integrity sha512-NcdALwpXkTm5Zvvbk7owOUSvVvBKDgKP5/ewfXEznmQFfs4ZRmanOeKBTjRVjka3QFoN6XJ+9F3USqfHqTaU5w==

isexe@^2.0.0:
  version "2.0.0"
  resolved "https://registry.yarnpkg.com/isexe/-/isexe-2.0.0.tgz#e8fbf374dc556ff8947a10dcb0572d633f2cfa10"
  integrity sha1-6PvzdNxVb/iUehDcsFctYz8s+hA=

jpeg-js@^0.4.1:
  version "0.4.3"
  resolved "https://registry.yarnpkg.com/jpeg-js/-/jpeg-js-0.4.3.tgz#6158e09f1983ad773813704be80680550eff977b"
  integrity sha512-ru1HWKek8octvUHFHvE5ZzQ1yAsJmIvRdGWvSoKV52XKyuyYA437QWDttXT8eZXDSbuMpHlLzPDZUPd6idIz+Q==

lazyness@^1.2.0:
  version "1.2.0"
  resolved "https://registry.yarnpkg.com/lazyness/-/lazyness-1.2.0.tgz#5dc0f02c37280436b21f0e4918ce6e72a109c657"
  integrity sha512-KenL6EFbwxBwRxG93t0gcUyi0Nw0Ub31FJKN1laA4UscdkL1K1AxUd0gYZdcLU3v+x+wcFi4uQKS5hL+fk500g==

ndarray-pack@^1.1.1:
  version "1.2.1"
  resolved "https://registry.yarnpkg.com/ndarray-pack/-/ndarray-pack-1.2.1.tgz#8caebeaaa24d5ecf70ff86020637977da8ee585a"
  integrity sha1-jK6+qqJNXs9w/4YCBjeXfajuWFo=
  dependencies:
    cwise-compiler "^1.1.2"
    ndarray "^1.0.13"

ndarray@^1.0.13, ndarray@^1.0.19:
  version "1.0.19"
  resolved "https://registry.yarnpkg.com/ndarray/-/ndarray-1.0.19.tgz#6785b5f5dfa58b83e31ae5b2a058cfd1ab3f694e"
  integrity sha512-B4JHA4vdyZU30ELBw3g7/p9bZupyew5a7tX1Y/gGeF2hafrPaQZhgrGQfsvgfYbgdFZjYwuEcnaobeM/WMW+HQ==
  dependencies:
    iota-array "^1.0.0"
    is-buffer "^1.0.2"

nextgen-events@^1.3.4, nextgen-events@^1.4.0:
  version "1.5.2"
  resolved "https://registry.yarnpkg.com/nextgen-events/-/nextgen-events-1.5.2.tgz#72b2b6cbe6912d9be2165188d0169027e65d8ebe"
  integrity sha512-0ZEIRQywH5Oxt2IYYufRltQg/KjXhKM7f7MHve+ZIRaKnIR1PPYEXAl2WBmej5Sf0Qh2GgE/21sMRZVuOyxLzw==

node-bitmap@0.0.1:
  version "0.0.1"
  resolved "https://registry.yarnpkg.com/node-bitmap/-/node-bitmap-0.0.1.tgz#180eac7003e0c707618ef31368f62f84b2a69091"
  integrity sha1-GA6scAPgxwdhjvMTaPYvhLKmkJE=

omggif@^1.0.10:
  version "1.0.10"
  resolved "https://registry.yarnpkg.com/omggif/-/omggif-1.0.10.tgz#ddaaf90d4a42f532e9e7cb3a95ecdd47f17c7b19"
  integrity sha512-LMJTtvgc/nugXj0Vcrrs68Mn2D1r0zf630VNtqtpI1FEO7e+O9FP4gqs9AcnBaSEeoHIPm28u6qgPR0oyEpGSw==

path-key@^3.1.0:
  version "3.1.1"
  resolved "https://registry.yarnpkg.com/path-key/-/path-key-3.1.1.tgz#581f6ade658cbba65a0d3380de7753295054f375"
  integrity sha512-ojmeN0qd+y0jszEtoY48r0Peq5dwMEkIlCOu6Q5f41lfkswXuKtYrhgoTpLnyIcHm24Uhqx+5Tqm2InSwLhE6Q==

pngjs@^5.0.0:
  version "5.0.0"
  resolved "https://registry.yarnpkg.com/pngjs/-/pngjs-5.0.0.tgz#e79dd2b215767fd9c04561c01236df960bce7fbb"
  integrity sha512-40QW5YalBNfQo5yRYmiw7Yz6TKKVr3h6970B2YE+3fQpsWcrbj1PzJgxeJ19DRQjhMbKPIuMY8rFaXc8moolVw==

setimmediate@^1.0.5:
  version "1.0.5"
  resolved "https://registry.yarnpkg.com/setimmediate/-/setimmediate-1.0.5.tgz#290cbb232e306942d7d7ea9b83732ab7856f8285"
  integrity sha1-KQy7Iy4waULX1+qbg3Mqt4VvgoU=

seventh@^0.7.40:
  version "0.7.40"
  resolved "https://registry.yarnpkg.com/seventh/-/seventh-0.7.40.tgz#a5a010496cb84421bb81f524840484a5aa473be9"
  integrity sha512-7sxUydQx4iEh17uJUFjZDAwbffJirldZaNIJvVB/hk9mPEL3J4GpLGSL+mHFH2ydkye46DAsLGqzFJ+/Qj5foQ==
  dependencies:
    setimmediate "^1.0.5"

shebang-command@^2.0.0:
  version "2.0.0"
  resolved "https://registry.yarnpkg.com/shebang-command/-/shebang-command-2.0.0.tgz#ccd0af4f8835fbdc265b82461aaf0c36663f34ea"
  integrity sha512-kHxr2zZpYtdmrN1qDjrrX/Z1rR1kG8Dx+gkpK1G4eXmvXswmcE1hTWBWYUzlraYw1/yZp6YuDY77YtvbN0dmDA==
  dependencies:
    shebang-regex "^3.0.0"

shebang-regex@^3.0.0:
  version "3.0.0"
  resolved "https://registry.yarnpkg.com/shebang-regex/-/shebang-regex-3.0.0.tgz#ae16f1644d873ecad843b0307b143362d4c42172"
  integrity sha512-7++dFhtcx3353uBaq8DDR4NuxBetBzC7ZQOhmTQInHEd6bSrXdiEyzCvG07Z44UYdLShWUyXt5M/yhz8ekcb1A==

string-kit@^0.11.9:
  version "0.11.10"
  resolved "https://registry.yarnpkg.com/string-kit/-/string-kit-0.11.10.tgz#1716b896a5077b2e3e856e409307d4f2e8999adc"
  integrity sha512-ATVmIpMrqxPFNiNQTnmEeXzt3743O6DubJWh2MiAQV1ifKd4PcCjBcybCdb0ENnPO1T6asORK9nOpygn1BATag==

string-kit@^0.12.5:
  version "0.12.8"
  resolved "https://registry.yarnpkg.com/string-kit/-/string-kit-0.12.8.tgz#6b35b3d873105c4b194757ecd66b0723ffb914af"
  integrity sha512-9UYXBbe/reAZI6cKiaNC7zEzdmA91Ih5/lVmbPGoMssSWZfqVcQvqAMlL0dTdMn+a7XCXBe8zV4BVopXlf+Aaw==

terminal-kit-plugins@^1.1.0:
  version "1.1.0"
  resolved "https://registry.yarnpkg.com/terminal-kit-plugins/-/terminal-kit-plugins-1.1.0.tgz#fbd1a0f195d0b0421a6b3c9688b3c9f0239254d3"
  integrity sha512-nZApxeDsQeWFHID7BvwmN+tPUcohlN0ZISXRHyqe726fjp4Uzhd4wiv+C7WB2hP4fJPSQvUvwvPwGXQys4AR1w==
  dependencies:
    terminal-kit "^1.0"

terminal-kit@^1.0:
  version "1.49.4"
  resolved "https://registry.yarnpkg.com/terminal-kit/-/terminal-kit-1.49.4.tgz#11493f51032af6036ebe15ede19617f5d7e2f7ef"
  integrity sha512-ehoNOk7xB/QBVX38P2kpoLip+s4Tlb6qYDBAoLg/rdRrrtRlDgs97a9MG0xU1IGq/Qpn47n1rwb5fWbM/Bprag==
  dependencies:
    "@cronvel/get-pixels" "^3.4.0"
    chroma-js "^2.1.0"
    lazyness "^1.2.0"
    ndarray "^1.0.19"
    nextgen-events "^1.3.4"
    seventh "^0.7.40"
    string-kit "^0.11.9"
    tree-kit "^0.7.0"

terminal-kit@^2.1.6:
  version "2.1.6"
  resolved "https://registry.yarnpkg.com/terminal-kit/-/terminal-kit-2.1.6.tgz#4fc12bd44fcf637183b66f6770299f6b17fb3b1d"
  integrity sha512-BX8flJ97GG5s0g0rtLkqBYwg8LT9RhJ6DFpUAf3oZYmUPOO3aj5xktT+ys5Mg5Ot1/efvDbf9hcNfRz1ioEFvA==
  dependencies:
    "@cronvel/get-pixels" "^3.4.0"
    chroma-js "^2.1.2"
    lazyness "^1.2.0"
    ndarray "^1.0.19"
    nextgen-events "^1.4.0"
    seventh "^0.7.40"
    string-kit "^0.12.5"
    tree-kit "^0.7.0"

tree-kit@^0.7.0:
  version "0.7.3"
  resolved "https://registry.yarnpkg.com/tree-kit/-/tree-kit-0.7.3.tgz#92566fd0ae114c771534a7c32d6214c56d021eb1"
  integrity sha512-BVxfUGNHKXS6TEOwKHioWSBivg6b5zfbdXtOWEE5ZpgQxG6gPtvFvjnsoKXTp2ASFmzSe6PhXemutmx8zUxFQQ==

typescript@^4.4.3:
  version "4.4.3"
  resolved "https://registry.yarnpkg.com/typescript/-/typescript-4.4.3.tgz#bdc5407caa2b109efd4f82fe130656f977a29324"
  integrity sha512-4xfscpisVgqqDfPaJo5vkd+Qd/ItkoagnHpufr+i2QCHBsNYp+G7UAoyFl8aPtx879u38wPV65rZ8qbGZijalA==

uniq@^1.0.0:
  version "1.0.1"
  resolved "https://registry.yarnpkg.com/uniq/-/uniq-1.0.1.tgz#b31c5ae8254844a3a8281541ce2b04b865a734ff"
  integrity sha1-sxxa6CVIRKOoKBVBzisEuGWnNP8=

which@^2.0.1:
  version "2.0.2"
  resolved "https://registry.yarnpkg.com/which/-/which-2.0.2.tgz#7c6a8dd0a636a0327e10b59c9286eee93f3f51b1"
  integrity sha512-BLI3Tl1TW3Pvl70l3yq3Y64i+awpwXqsGBYWkkqMtnbXgrMD+yj7rhW0kuEDxzJaYXGjEW5ogapKNMEKNMjibA==
  dependencies:
    isexe "^2.0.0"
